
Microsoft Visual Studio Solution File, Format Version 12.00
# Visual Studio Version 16
VisualStudioVersion = 16.0.810.21
MinimumVisualStudioVersion = 10.0.40219.1
Project("{FAE04EC0-301F-11D3-BF4B-00C04F79EFBC}") = "MvcMovie", "MvcMovie.csproj", "{618AB78F-695A-4CFF-BF38-94A34BC859FC}"
EndProject
Global
	GlobalSection(SolutionConfigurationPlatforms) = preSolution
		Debug|Any CPU = Debug|Any CPU
		Release|Any CPU = Release|Any CPU
	EndGlobalSection
	GlobalSection(ProjectConfigurationPlatforms) = postSolution
		{618AB78F-695A-4CFF-BF38-94A34BC859FC}.Debug|Any CPU.ActiveCfg = Debug|Any CPU
		{618AB78F-695A-4CFF-BF38-94A34BC859FC}.Debug|Any CPU.Build.0 = Debug|Any CPU
		{618AB78F-695A-4CFF-BF38-94A34BC859FC}.Release|Any CPU.ActiveCfg = Release|Any CPU
		{618AB78F-695A-4CFF-BF38-94A34BC859FC}.Release|Any CPU.Build.0 = Release|Any CPU
	EndGlobalSection
	GlobalSection(SolutionProperties) = preSolution
		HideSolutionNode = FALSE
	EndGlobalSection
	GlobalSection(ExtensibilityGlobals) = postSolution
		SolutionGuid = {DC2889E7-24F9-4313-8D4B-7853829E85DF}
	EndGlobalSection
EndGlobal
